{
  "name": "ws-authorizer",
  "version": "1.0.0",
  "lockfileVersion": 3,
  "requires": true,
  "packages": {
    "": {
      "name": "ws-authorizer",
      "version": "1.0.0",
      "license": "ISC",
      "dependencies": {
        "aws-jwt-verify": "^4.0.1"
      }
    },
    "node_modules/aws-jwt-verify": {
      "version": "4.0.1",
      "resolved": "https://registry.npmjs.org/aws-jwt-verify/-/aws-jwt-verify-4.0.1.tgz",
      "integrity": "sha512-kzvi71eD3w/mCpYRUY7cz6DX4bfYihGdI2yV3FYQ2JuZZenqAqDPz0gWj0ew6vlAtdEVBNb7p+Dm2TAIxpVYMA==",
      "engines": {
        "node": ">=14.0.0"
      }
    }
  }
}
